
Microsoft Visual Studio Solution File, Format Version 12.00
# Visual Studio 15
VisualStudioVersion = 15.0.26730.15
MinimumVisualStudioVersion = 10.0.40219.1
Project("{FAE04EC0-301F-11D3-BF4B-00C04F79EFBC}") = "ConsoleApp1", "ConsoleApp1\ConsoleApp1.csproj", "{B9274323-220D-4B0E-AAC3-ED86F911EE71}"
EndProject
Global
	GlobalSection(SolutionConfigurationPlatforms) = preSolution
		Debug|Any CPU = Debug|Any CPU
		Release|Any CPU = Release|Any CPU
	EndGlobalSection
	GlobalSection(ProjectConfigurationPlatforms) = postSolution
		{B9274323-220D-4B0E-AAC3-ED86F911EE71}.Debug|Any CPU.ActiveCfg = Debug|Any CPU
		{B9274323-220D-4B0E-AAC3-ED86F911EE71}.Debug|Any CPU.Build.0 = Debug|Any CPU
		{B9274323-220D-4B0E-AAC3-ED86F911EE71}.Release|Any CPU.ActiveCfg = Release|Any CPU
		{B9274323-220D-4B0E-AAC3-ED86F911EE71}.Release|Any CPU.Build.0 = Release|Any CPU
	EndGlobalSection
	GlobalSection(SolutionProperties) = preSolution
		HideSolutionNode = FALSE
	EndGlobalSection
	GlobalSection(ExtensibilityGlobals) = postSolution
		SolutionGuid = {DAFC5D96-CF7A-4D2B-8213-B978DCE5D480}
	EndGlobalSection
EndGlobal
